
Microsoft Visual Studio Solution File, Format Version 12.00
# Visual Studio Version 16
VisualStudioVersion = 16.0.31424.327
MinimumVisualStudioVersion = 10.0.40219.1
Project("{FAE04EC0-301F-11D3-BF4B-00C04F79EFBC}") = "SalesWebMvc", "SalesWebMvc\SalesWebMvc.csproj", "{EFF5DC37-4F51-445A-8556-854D7D574FDC}"
EndProject
Global
	GlobalSection(SolutionConfigurationPlatforms) = preSolution
		Debug|Any CPU = Debug|Any CPU
		Release|Any CPU = Release|Any CPU
	EndGlobalSection
	GlobalSection(ProjectConfigurationPlatforms) = postSolution
		{EFF5DC37-4F51-445A-8556-854D7D574FDC}.Debug|Any CPU.ActiveCfg = Debug|Any CPU
		{EFF5DC37-4F51-445A-8556-854D7D574FDC}.Debug|Any CPU.Build.0 = Debug|Any CPU
		{EFF5DC37-4F51-445A-8556-854D7D574FDC}.Release|Any CPU.ActiveCfg = Release|Any CPU
		{EFF5DC37-4F51-445A-8556-854D7D574FDC}.Release|Any CPU.Build.0 = Release|Any CPU
	EndGlobalSection
	GlobalSection(SolutionProperties) = preSolution
		HideSolutionNode = FALSE
	EndGlobalSection
	GlobalSection(ExtensibilityGlobals) = postSolution
		SolutionGuid = {9F42A50E-9288-40A9-BEB8-AE39F6085405}
	EndGlobalSection
EndGlobal
